
Microsoft Visual Studio Solution File, Format Version 12.00
# Visual Studio Version 17
VisualStudioVersion = 17.7.34031.279
MinimumVisualStudioVersion = 10.0.40219.1
Project("{FAE04EC0-301F-11D3-BF4B-00C04F79EFBC}") = "Shafikov-Glazki-Save", "Shafikov-Glazki-Save\Shafikov-Glazki-Save.csproj", "{B6BB132D-FD4C-46DC-8403-E83C550F934E}"
EndProject
Global
	GlobalSection(SolutionConfigurationPlatforms) = preSolution
		Debug|Any CPU = Debug|Any CPU
		Release|Any CPU = Release|Any CPU
	EndGlobalSection
	GlobalSection(ProjectConfigurationPlatforms) = postSolution
		{B6BB132D-FD4C-46DC-8403-E83C550F934E}.Debug|Any CPU.ActiveCfg = Debug|Any CPU
		{B6BB132D-FD4C-46DC-8403-E83C550F934E}.Debug|Any CPU.Build.0 = Debug|Any CPU
		{B6BB132D-FD4C-46DC-8403-E83C550F934E}.Release|Any CPU.ActiveCfg = Release|Any CPU
		{B6BB132D-FD4C-46DC-8403-E83C550F934E}.Release|Any CPU.Build.0 = Release|Any CPU
	EndGlobalSection
	GlobalSection(SolutionProperties) = preSolution
		HideSolutionNode = FALSE
	EndGlobalSection
	GlobalSection(ExtensibilityGlobals) = postSolution
		SolutionGuid = {09344B99-2919-48BC-8656-3BE2CF929530}
	EndGlobalSection
EndGlobal
